
Microsoft Visual Studio Solution File, Format Version 12.00
Project("{FAE04EC0-301F-11D3-BF4B-00C04F79EFBC}") = "GoldenCrown.Api", "GoldenCrown.Api\GoldenCrown.Api.csproj", "{ADD1BF32-DC51-42F2-8512-4E54A023AD38}"
EndProject
Project("{FAE04EC0-301F-11D3-BF4B-00C04F79EFBC}") = "GoldenCrown.Application", "GoldenCrown.Application\GoldenCrown.Application.csproj", "{3AEBC83A-8EC0-4BC4-B01C-E15B109AF70B}"
EndProject
Project("{FAE04EC0-301F-11D3-BF4B-00C04F79EFBC}") = "GoldenCrown.Domain", "GoldenCrown.Domain\GoldenCrown.Domain.csproj", "{E8739E74-7CBF-43B3-AF18-AA2D814F1486}"
EndProject
Project("{FAE04EC0-301F-11D3-BF4B-00C04F79EFBC}") = "GoldenCrown.Infrastructure", "GoldenCrown.Infrastructure\GoldenCrown.Infrastructure.csproj", "{E37A2AA0-C41C-41FD-B487-7901B895EA0A}"
EndProject
Project("{FAE04EC0-301F-11D3-BF4B-00C04F79EFBC}") = "GoldenCrown.TaxInspectionConsole", "GoldenCrown.TaxInspectionConsole\GoldenCrown.TaxInspectionConsole.csproj", "{EAF6E412-3107-4E9A-92C8-DAAAA633EC0C}"
EndProject
Global
	GlobalSection(SolutionConfigurationPlatforms) = preSolution
		Debug|Any CPU = Debug|Any CPU
		Release|Any CPU = Release|Any CPU
	EndGlobalSection
	GlobalSection(ProjectConfigurationPlatforms) = postSolution
		{ADD1BF32-DC51-42F2-8512-4E54A023AD38}.Debug|Any CPU.ActiveCfg = Debug|Any CPU
		{ADD1BF32-DC51-42F2-8512-4E54A023AD38}.Debug|Any CPU.Build.0 = Debug|Any CPU
		{ADD1BF32-DC51-42F2-8512-4E54A023AD38}.Release|Any CPU.ActiveCfg = Release|Any CPU
		{ADD1BF32-DC51-42F2-8512-4E54A023AD38}.Release|Any CPU.Build.0 = Release|Any CPU
		{3AEBC83A-8EC0-4BC4-B01C-E15B109AF70B}.Debug|Any CPU.ActiveCfg = Debug|Any CPU
		{3AEBC83A-8EC0-4BC4-B01C-E15B109AF70B}.Debug|Any CPU.Build.0 = Debug|Any CPU
		{3AEBC83A-8EC0-4BC4-B01C-E15B109AF70B}.Release|Any CPU.ActiveCfg = Release|Any CPU
		{3AEBC83A-8EC0-4BC4-B01C-E15B109AF70B}.Release|Any CPU.Build.0 = Release|Any CPU
		{E8739E74-7CBF-43B3-AF18-AA2D814F1486}.Debug|Any CPU.ActiveCfg = Debug|Any CPU
		{E8739E74-7CBF-43B3-AF18-AA2D814F1486}.Debug|Any CPU.Build.0 = Debug|Any CPU
		{E8739E74-7CBF-43B3-AF18-AA2D814F1486}.Release|Any CPU.ActiveCfg = Release|Any CPU
		{E8739E74-7CBF-43B3-AF18-AA2D814F1486}.Release|Any CPU.Build.0 = Release|Any CPU
		{E37A2AA0-C41C-41FD-B487-7901B895EA0A}.Debug|Any CPU.ActiveCfg = Debug|Any CPU
		{E37A2AA0-C41C-41FD-B487-7901B895EA0A}.Debug|Any CPU.Build.0 = Debug|Any CPU
		{E37A2AA0-C41C-41FD-B487-7901B895EA0A}.Release|Any CPU.ActiveCfg = Release|Any CPU
		{E37A2AA0-C41C-41FD-B487-7901B895EA0A}.Release|Any CPU.Build.0 = Release|Any CPU
		{EAF6E412-3107-4E9A-92C8-DAAAA633EC0C}.Debug|Any CPU.ActiveCfg = Debug|Any CPU
		{EAF6E412-3107-4E9A-92C8-DAAAA633EC0C}.Debug|Any CPU.Build.0 = Debug|Any CPU
		{EAF6E412-3107-4E9A-92C8-DAAAA633EC0C}.Release|Any CPU.ActiveCfg = Release|Any CPU
		{EAF6E412-3107-4E9A-92C8-DAAAA633EC0C}.Release|Any CPU.Build.0 = Release|Any CPU
	EndGlobalSection
EndGlobal
